# This file is automatically @generated by Cargo.
# It is not intended for manual editing.
version = 3

[[package]]
name = "protocell-chem"
version = "0.1.0"
dependencies = [
 "protocell-core",
]

[[package]]
name = "protocell-cli"
version = "0.1.0"
dependencies = [
 "protocell-chem",
 "protocell-core",
 "protocell-validate",
]

[[package]]
name = "protocell-core"
version = "0.1.0"

[[package]]
name = "protocell-validate"
version = "0.1.0"
dependencies = [
 "protocell-chem",
 "protocell-core",
]
